
Microsoft Visual Studio Solution File, Format Version 12.00
# Visual Studio Version 17
VisualStudioVersion = 17.6.33815.320
MinimumVisualStudioVersion = 10.0.40219.1
Project("{9A19103F-16F7-4668-BE54-9A1E7A4F7556}") = "A_S", "A_S.csproj", "{4CE65D8D-20E4-49C6-8A75-568ECA61A6B1}"
EndProject
Project("{FAE04EC0-301F-11D3-BF4B-00C04F79EFBC}") = "G_Store", "..\G_Store\G_Store.csproj", "{13156518-A8FE-4E58-A4E2-02FE3A24743F}"
EndProject
Global
	GlobalSection(SolutionConfigurationPlatforms) = preSolution
		Debug|Any CPU = Debug|Any CPU
		Release|Any CPU = Release|Any CPU
	EndGlobalSection
	GlobalSection(ProjectConfigurationPlatforms) = postSolution
		{4CE65D8D-20E4-49C6-8A75-568ECA61A6B1}.Debug|Any CPU.ActiveCfg = Debug|Any CPU
		{4CE65D8D-20E4-49C6-8A75-568ECA61A6B1}.Debug|Any CPU.Build.0 = Debug|Any CPU
		{4CE65D8D-20E4-49C6-8A75-568ECA61A6B1}.Release|Any CPU.ActiveCfg = Release|Any CPU
		{4CE65D8D-20E4-49C6-8A75-568ECA61A6B1}.Release|Any CPU.Build.0 = Release|Any CPU
		{13156518-A8FE-4E58-A4E2-02FE3A24743F}.Debug|Any CPU.ActiveCfg = Debug|Any CPU
		{13156518-A8FE-4E58-A4E2-02FE3A24743F}.Debug|Any CPU.Build.0 = Debug|Any CPU
		{13156518-A8FE-4E58-A4E2-02FE3A24743F}.Release|Any CPU.ActiveCfg = Release|Any CPU
		{13156518-A8FE-4E58-A4E2-02FE3A24743F}.Release|Any CPU.Build.0 = Release|Any CPU
	EndGlobalSection
	GlobalSection(SolutionProperties) = preSolution
		HideSolutionNode = FALSE
	EndGlobalSection
	GlobalSection(ExtensibilityGlobals) = postSolution
		SolutionGuid = {0A47FBEF-CAB8-42CD-9CF6-314696285C59}
	EndGlobalSection
EndGlobal
